
Microsoft Visual Studio Solution File, Format Version 12.00
# Visual Studio 15
VisualStudioVersion = 15.0.28307.1145
MinimumVisualStudioVersion = 10.0.40219.1
Project("{8BC9CEB8-8B4A-11D0-8D11-00A0C91BC942}") = "delegate-cpp", "delegate-cpp.vcxproj", "{532D2814-8F2C-48AC-B178-60D9260DF0C6}"
EndProject
Global
	GlobalSection(SolutionConfigurationPlatforms) = preSolution
		Debug|x64 = Debug|x64
		Debug|x86 = Debug|x86
		Release|x64 = Release|x64
		Release|x86 = Release|x86
	EndGlobalSection
	GlobalSection(ProjectConfigurationPlatforms) = postSolution
		{532D2814-8F2C-48AC-B178-60D9260DF0C6}.Debug|x64.ActiveCfg = Debug|x64
		{532D2814-8F2C-48AC-B178-60D9260DF0C6}.Debug|x64.Build.0 = Debug|x64
		{532D2814-8F2C-48AC-B178-60D9260DF0C6}.Debug|x86.ActiveCfg = Debug|Win32
		{532D2814-8F2C-48AC-B178-60D9260DF0C6}.Debug|x86.Build.0 = Debug|Win32
		{532D2814-8F2C-48AC-B178-60D9260DF0C6}.Release|x64.ActiveCfg = Release|x64
		{532D2814-8F2C-48AC-B178-60D9260DF0C6}.Release|x64.Build.0 = Release|x64
		{532D2814-8F2C-48AC-B178-60D9260DF0C6}.Release|x86.ActiveCfg = Release|Win32
		{532D2814-8F2C-48AC-B178-60D9260DF0C6}.Release|x86.Build.0 = Release|Win32
	EndGlobalSection
	GlobalSection(SolutionProperties) = preSolution
		HideSolutionNode = FALSE
	EndGlobalSection
	GlobalSection(ExtensibilityGlobals) = postSolution
		SolutionGuid = {7EA3F489-B29F-40CB-A9A6-4E5D47471B5B}
	EndGlobalSection
EndGlobal
